
Microsoft Visual Studio Solution File, Format Version 12.00
# Visual Studio Version 17
VisualStudioVersion = 17.14.36414.22 d17.14
MinimumVisualStudioVersion = 10.0.40219.1
Project("{FAE04EC0-301F-11D3-BF4B-00C04F79EFBC}") = "PNA_DayLap_On", "PNA_DayLap_On\PNA_DayLap_On.csproj", "{EC654475-DB04-440D-BBCB-6A0B44B75021}"
EndProject
Global
	GlobalSection(SolutionConfigurationPlatforms) = preSolution
		Debug|Any CPU = Debug|Any CPU
		Release|Any CPU = Release|Any CPU
	EndGlobalSection
	GlobalSection(ProjectConfigurationPlatforms) = postSolution
		{EC654475-DB04-440D-BBCB-6A0B44B75021}.Debug|Any CPU.ActiveCfg = Debug|Any CPU
		{EC654475-DB04-440D-BBCB-6A0B44B75021}.Debug|Any CPU.Build.0 = Debug|Any CPU
		{EC654475-DB04-440D-BBCB-6A0B44B75021}.Release|Any CPU.ActiveCfg = Release|Any CPU
		{EC654475-DB04-440D-BBCB-6A0B44B75021}.Release|Any CPU.Build.0 = Release|Any CPU
	EndGlobalSection
	GlobalSection(SolutionProperties) = preSolution
		HideSolutionNode = FALSE
	EndGlobalSection
	GlobalSection(ExtensibilityGlobals) = postSolution
		SolutionGuid = {A92C9E47-A06D-4961-8B79-63CF0D90794F}
	EndGlobalSection
EndGlobal
